
Microsoft Visual Studio Solution File, Format Version 12.00
# Visual Studio 15
VisualStudioVersion = 15.0.27130.2036
MinimumVisualStudioVersion = 10.0.40219.1
Project("{9A19103F-16F7-4668-BE54-9A1E7A4F7556}") = "Epsylon.TextureSquish", "Epsylon.TextureSquish\Epsylon.TextureSquish.csproj", "{0DB81F64-E9D1-4DC1-ADE3-37B7B36FBC25}"
EndProject
Project("{9A19103F-16F7-4668-BE54-9A1E7A4F7556}") = "Epsylon.TextureSquish.UnitTests", "Epsylon.TextureSquish.UnitTests\Epsylon.TextureSquish.UnitTests.csproj", "{61D1E679-C177-4A16-8154-1C805A434F28}"
EndProject
Project("{9A19103F-16F7-4668-BE54-9A1E7A4F7556}") = "Epsylon.TextureSquish.BenchMarks", "Epsylon.TextureSquish.BenchMarks\Epsylon.TextureSquish.BenchMarks.csproj", "{ECF6CA0F-AD29-4A29-A475-D24463081D7E}"
EndProject
Project("{9A19103F-16F7-4668-BE54-9A1E7A4F7556}") = "Epsylon.TextureSquish.TestUtils", "Epsylon.TextureSquish.TestUtils\Epsylon.TextureSquish.TestUtils.csproj", "{2FA247B0-5B2A-433D-B665-F83EE3785987}"
EndProject
Project("{2150E333-8FDC-42A3-9474-1A3956D46DE8}") = "Tests", "Tests", "{429B4F44-7F4B-4EFC-A291-25BD7C4888C5}"
EndProject
Global
	GlobalSection(SolutionConfigurationPlatforms) = preSolution
		Debug|Any CPU = Debug|Any CPU
		Release|Any CPU = Release|Any CPU
	EndGlobalSection
	GlobalSection(ProjectConfigurationPlatforms) = postSolution
		{0DB81F64-E9D1-4DC1-ADE3-37B7B36FBC25}.Debug|Any CPU.ActiveCfg = Debug|Any CPU
		{0DB81F64-E9D1-4DC1-ADE3-37B7B36FBC25}.Debug|Any CPU.Build.0 = Debug|Any CPU
		{0DB81F64-E9D1-4DC1-ADE3-37B7B36FBC25}.Release|Any CPU.ActiveCfg = Release|Any CPU
		{0DB81F64-E9D1-4DC1-ADE3-37B7B36FBC25}.Release|Any CPU.Build.0 = Release|Any CPU
		{61D1E679-C177-4A16-8154-1C805A434F28}.Debug|Any CPU.ActiveCfg = Debug|Any CPU
		{61D1E679-C177-4A16-8154-1C805A434F28}.Debug|Any CPU.Build.0 = Debug|Any CPU
		{61D1E679-C177-4A16-8154-1C805A434F28}.Release|Any CPU.ActiveCfg = Release|Any CPU
		{61D1E679-C177-4A16-8154-1C805A434F28}.Release|Any CPU.Build.0 = Release|Any CPU
		{ECF6CA0F-AD29-4A29-A475-D24463081D7E}.Debug|Any CPU.ActiveCfg = Debug|Any CPU
		{ECF6CA0F-AD29-4A29-A475-D24463081D7E}.Debug|Any CPU.Build.0 = Debug|Any CPU
		{ECF6CA0F-AD29-4A29-A475-D24463081D7E}.Release|Any CPU.ActiveCfg = Release|Any CPU
		{ECF6CA0F-AD29-4A29-A475-D24463081D7E}.Release|Any CPU.Build.0 = Release|Any CPU
		{2FA247B0-5B2A-433D-B665-F83EE3785987}.Debug|Any CPU.ActiveCfg = Debug|Any CPU
		{2FA247B0-5B2A-433D-B665-F83EE3785987}.Debug|Any CPU.Build.0 = Debug|Any CPU
		{2FA247B0-5B2A-433D-B665-F83EE3785987}.Release|Any CPU.ActiveCfg = Release|Any CPU
		{2FA247B0-5B2A-433D-B665-F83EE3785987}.Release|Any CPU.Build.0 = Release|Any CPU
	EndGlobalSection
	GlobalSection(SolutionProperties) = preSolution
		HideSolutionNode = FALSE
	EndGlobalSection
	GlobalSection(NestedProjects) = preSolution
		{61D1E679-C177-4A16-8154-1C805A434F28} = {429B4F44-7F4B-4EFC-A291-25BD7C4888C5}
		{ECF6CA0F-AD29-4A29-A475-D24463081D7E} = {429B4F44-7F4B-4EFC-A291-25BD7C4888C5}
		{2FA247B0-5B2A-433D-B665-F83EE3785987} = {429B4F44-7F4B-4EFC-A291-25BD7C4888C5}
	EndGlobalSection
	GlobalSection(ExtensibilityGlobals) = postSolution
		SolutionGuid = {276FDCF0-7512-4920-86D1-BEC8F8F78853}
	EndGlobalSection
EndGlobal
